{
  "schema_version": 1,
  "protocol": "uniform_aq_v1",
  "files": [
    {
      "path": "cmake/FrozenEvaluationTargets.cmake",
      "sha256": "0689d1a08791c5ff572877f406b26b653e96188be10dc9f60394efa7316ced96"
    },
    {
      "path": "corpus/uniform-aq-v1.json",
      "sha256": "ff284d7c9426fd3e4def75b12d00814796933a3623b2e4294a7f6b85c954d9c6"
    },
    {
      "path": "include/glyphrelay/nvenc_encoder.hpp",
      "sha256": "e2b259cb42be043a798d14b91efa1620f1862d9bfcc0deb68c2ebd9ce375f4b0"
    },
    {
      "path": "protocols/uniform_aq_v1/execution-contract.json",
      "sha256": "4a55940e0a8c1224d6c73428506c437389fe577d8d53590b6635ba6ebc5f0da1"
    },
    {
      "path": "qualification/m0-phases.json",
      "sha256": "ed89c03db6039a319186ad3cf6507e814f2d27328aa9ad9c4b03f8bc38119d39"
    },
    {
      "path": "schemas/uniform-aq-development-evidence-v1.schema.json",
      "sha256": "fb3ea20a063398d1ddb44d59ce12daaf2925cd3d38ab50fbcaa5302695665c2c"
    },
    {
      "path": "schemas/uniform-aq-selection-v1.schema.json",
      "sha256": "be0f9809fb841863c92a851a2f6771aa3d1aa7d7ca7eaa276ea33e58fba52149"
    },
    {
      "path": "src/gpu/cuda_preprocess.cu",
      "sha256": "d062e6c85d0d12aeec735352fb4d7b97eefdd1f8681bbd5b78c8115dd93e52aa"
    },
    {
      "path": "src/gpu/nvenc_encoder.cpp",
      "sha256": "e0fc8b482740a9edaeff662f18464ba66692020acfe0b209b3672a3428023add"
    },
    {
      "path": "tooling/corpus/prepare-decoded-ocr.ts",
      "sha256": "4a7119e6326586829bcb29de4f2e6b35525f5b694dc4e50eb3b69a37ba333998"
    },
    {
      "path": "tooling/corpus/verify-browser-decode.ts",
      "sha256": "baf4f2f32c109ff7b7c8cde17433f6861bcbef569b4ba2a16f7faa07e04376c6"
    },
    {
      "path": "tools/check_uniform_aq_protocol.py",
      "sha256": "4fea0274df72e244f3fdc97f2dd1bd500e213c3c4eaee9e925cfb2732cca2cd4"
    },
    {
      "path": "tools/corpus/aq_selector.py",
      "sha256": "9eedb853ef9ec69aa41c7e5995be7507ca421f12be34597a25813c27f2792625"
    },
    {
      "path": "tools/corpus/evaluate_ocr.py",
      "sha256": "2bde2f91ba8ef675ba65e449287109f194a1d439309eb2590e12f538df15d2ca"
    },
    {
      "path": "tools/corpus/run_tesseract.sh",
      "sha256": "03aee2705b9a811cb07568267534038b1a988ee670ba940a0ef27b92527bb1cc"
    },
    {
      "path": "tools/corpus/uniform_aq_selector.py",
      "sha256": "21c6dee227e1c6ce70e5bfb1632e9f0f5e5ca849c6e04a61b8295611865bf246"
    },
    {
      "path": "tools/evaluate_uniform_aq.cpp",
      "sha256": "ae3b1407260d44b92c986ded5596af65eca87c29ac0c81e3404d6c23a5da97fe"
    },
    {
      "path": "tools/run_uniform_aq_development.py",
      "sha256": "580eb5f1c99b136502c4da9b960903615dff009540c1eb4153fcf70c344d8535"
    }
  ],
  "protocol_sha256": "128bf7456275259cac0739d33cd7395128d6d1bc8ac789dd896686aec27df593"
}
