glyphrelay-protocol-lock-v1
protocol	m0_fixed_map_v1
component	protocols/m0_fixed_map_v1/source.json	ee9c49cf86c4ff09116118fbe00f019c117c96309176e72984011363cd3b1f4b
component	protocols/m0_fixed_map_v1/protected.mask.json	7e2fa63052b88673e3e703db76199eb8e0f899d9fa4b52320ca27257fdaa37cc
component	protocols/m0_fixed_map_v1/comparison.mask.json	f4f7f02ea360d4bbebd2f6714492502b3e95e87686ca1063211d75156e085a11
component	protocols/m0_fixed_map_v1/emphasis-map.rle	6e0559ebad83052449e66112c3b425ca08863de7ab5d82bda7d971c6086c5443
component	protocols/m0_fixed_map_v1/metric.json	9ead881d08ee44e0f1c992aef2698581de49abd2c4d12303e79b35417dd1c659
component	protocols/m0_fixed_map_v1/run-config.json	41ae934f63b6acab601bae58bcc1afb763a7373a5128cbba4c3d3544e0bfbc0c
component	protocols/m0_fixed_map_v1/frame-hashes.tsv	67a3233675f2f62e8eb8fe49c71470c12ce5c47d0e94b72fae0f4755124784e3
component	include/glyphrelay/synthetic_source.hpp	2134c0e95de3b6bc75772ffcb4efe1fe37dce4f9a99cfe0e2f4d9ed6332f904e
component	src/core/synthetic_source.cpp	ca6b40b60e53e9c9dd31cc9b5b7c6d311ae52955ef9232bf5ced23dd36f4737c
component	include/glyphrelay/quality_metrics.hpp	23202664ed123480d20a2417e447a023a61857b07da05629382ae9eca1cd7aee
component	src/core/quality_metrics.cpp	0e261e58480605b21c8a132b43df62a9ed51aa249cd86789e12a5909d374769d
component	include/glyphrelay/benchmark_gate.hpp	fc9b0a22836f196fcfa0a30078904ae7d4b96f04bfff3dd0cbe96eb3420dbd2f
component	src/core/benchmark_gate.cpp	04d0575a5e452787764a2dd0a60ef7b432020215e63ebd0fab19bc4923c1fb0a
component	include/glyphrelay/nvenc_benchmark.hpp	6709835f76274e0d0d748c769811fff7ea709570cce2d18335b3904d5c5fc949
component	src/gpu/nvenc_benchmark.cpp	1e23af6d13fbf56e9837113ba87746ec1d48a2f77054b82d47c80255a3f3f7ed
component	tools/validate_m0_benchmark.py	8e252a516268196b4e96624770693c64b962cb0cfc4e0d4ebad114c6157c90da
component	schemas/m0-benchmark-summary-v1.schema.json	af120540b8f530a5aa780e9041f78be839fe1e030a77c1d21c51ebb885d78f11
component	schemas/m0-benchmark-gate-v1.schema.json	fd8400d57cabcd0669695929d7ba6d225a5652454159f26d00f34d0f3b1bef1b
component	include/glyphrelay/m0_protocol.hpp	971784560d2f21ccc9db713685e4a8f334e60f7ccd7a318858d55b1c72201666
component	src/core/m0_protocol.cpp	fe93b3c33513e55a09cc56efe0219fc06d7274791b24b688650de4230d1c6e2b
component	include/glyphrelay/sha256.hpp	b3d28ad555369263c67af0d671e104161abafd6af168f5ee7beba7b7f87f1be7
component	src/core/sha256.cpp	c0229eff3c997703610efaff2d082a7fbbfd03aedf8ded051b125ece1785210d
component	tools/freeze_m0_protocol.cpp	6c48ed3844d93e07c63937c5e1c45d76fc0e0912a5cc8d1ad7e357ca73c89c49
manifest_sha256	532c2961261f8d20b24559cd5f1461a84b8adfd1d6a2f584354638e7b09c0f06
