{
  "schema_version": 1,
  "protocol": "controller_v1",
  "files": [
    {
      "path": "protocols/controller_v1/manifest.json",
      "sha256": "b5330a8c183596a88fe3383f000dd158754d540b408ae28ab19b7cb9f3aaf615"
    },
    {
      "path": "schemas/controller-v1.schema.json",
      "sha256": "a33b50f49c0fb15d743ac82b2f91e2ac4f503881d8451b722ab2e3b2aa8cc770"
    },
    {
      "path": "tools/check_controller_protocol.py",
      "sha256": "6586d0b35c2a9d509ba3505f78d7c6d1fd2ade91a8c4b3d00879865897119f7d"
    }
  ],
  "protocol_sha256": "3ab488430dca0117df8bcf93fc8e516cc39bd4bb0c39a4aecde699d7831d49c3"
}
